// !$*UTF8*$!
{
	archiveVersion = 1;
	classes = {
	};
	objectVersion = 56;
	objects = {

/* Begin PBXBuildFile section */
		9F38AEC02BE878B5006278F3 /* fitness_toolsApp.swift in Sources */ = {isa = PBXBuildFile; fileRef = 9F38AEBF2BE878B5006278F3 /* fitness_toolsApp.swift */; };
		9F38AEC22BE878B5006278F3 /* BMIView.swift in Sources */ = {isa = PBXBuildFile; fileRef = 9F38AEC12BE878B5006278F3 /* BMIView.swift */; };
		9F38AEC42BE878B7006278F3 /* Assets.xcassets in Resources */ = {isa = PBXBuildFile; fileRef = 9F38AEC32BE878B7006278F3 /* Assets.xcassets */; };
		9F38AEC72BE878B7006278F3 /* Preview Assets.xcassets in Resources */ = {isa = PBXBuildFile; fileRef = 9F38AEC62BE878B7006278F3 /* Preview Assets.xcassets */; };
		9F38AED12BE878B7006278F3 /* fitness_toolsTests.swift in Sources */ = {isa = PBXBuildFile; fileRef = 9F38AED02BE878B7006278F3 /* fitness_toolsTests.swift */; };
		9F38AEDB2BE878B7006278F3 /* fitness_toolsUITests.swift in Sources */ = {isa = PBXBuildFile; fileRef = 9F38AEDA2BE878B7006278F3 /* fitness_toolsUITests.swift */; };
		9F38AEDD2BE878B7006278F3 /* fitness_toolsUITestsLaunchTests.swift in Sources */ = {isa = PBXBuildFile; fileRef = 9F38AEDC2BE878B7006278F3 /* fitness_toolsUITestsLaunchTests.swift */; };
		9FEF04372C1A451500DC30FF /* BreathingExerciseView.swift in Sources */ = {isa = PBXBuildFile; fileRef = 9FEF04362C1A451500DC30FF /* BreathingExerciseView.swift */; };
/* End PBXBuildFile section */

/* Begin PBXContainerItemProxy section */
		9F38AECD2BE878B7006278F3 /* PBXContainerItemProxy */ = {
			isa = PBXContainerItemProxy;
			containerPortal = 9F38AEB42BE878B5006278F3 /* Project object */;
			proxyType = 1;
			remoteGlobalIDString = 9F38AEBB2BE878B5006278F3;
			remoteInfo = fitness_tools;
		};
		9F38AED72BE878B7006278F3 /* PBXContainerItemProxy */ = {
			isa = PBXContainerItemProxy;
			containerPortal = 9F38AEB42BE878B5006278F3 /* Project object */;
			proxyType = 1;
			remoteGlobalIDString = 9F38AEBB2BE878B5006278F3;
			remoteInfo = fitness_tools;
		};
/* End PBXContainerItemProxy section */

/* Begin PBXFileReference section */
		9F38AEBC2BE878B5006278F3 /* fitness_tools.app */ = {isa = PBXFileReference; explicitFileType = wrapper.application; includeInIndex = 0; path = fitness_tools.app; sourceTree = BUILT_PRODUCTS_DIR; };
		9F38AEBF2BE878B5006278F3 /* fitness_toolsApp.swift */ = {isa = PBXFileReference; lastKnownFileType = sourcecode.swift; path = fitness_toolsApp.swift; sourceTree = "<group>"; };
		9F38AEC12BE878B5006278F3 /* BMIView.swift */ = {isa = PBXFileReference; lastKnownFileType = sourcecode.swift; path = BMIView.swift; sourceTree = "<group>"; };
		9F38AEC32BE878B7006278F3 /* Assets.xcassets */ = {isa = PBXFileReference; lastKnownFileType = folder.assetcatalog; path = Assets.xcassets; sourceTree = "<group>"; };
		9F38AEC62BE878B7006278F3 /* Preview Assets.xcassets */ = {isa = PBXFileReference; lastKnownFileType = folder.assetcatalog; path = "Preview Assets.xcassets"; sourceTree = "<group>"; };
		9F38AECC2BE878B7006278F3 /* fitness_toolsTests.xctest */ = {isa = PBXFileReference; explicitFileType = wrapper.cfbundle; includeInIndex = 0; path = fitness_toolsTests.xctest; sourceTree = BUILT_PRODUCTS_DIR; };
		9F38AED02BE878B7006278F3 /* fitness_toolsTests.swift */ = {isa = PBXFileReference; lastKnownFileType = sourcecode.swift; path = fitness_toolsTests.swift; sourceTree = "<group>"; };
		9F38AED62BE878B7006278F3 /* fitness_toolsUITests.xctest */ = {isa = PBXFileReference; explicitFileType = wrapper.cfbundle; includeInIndex = 0; path = fitness_toolsUITests.xctest; sourceTree = BUILT_PRODUCTS_DIR; };
		9F38AEDA2BE878B7006278F3 /* fitness_toolsUITests.swift */ = {isa = PBXFileReference; lastKnownFileType = sourcecode.swift; path = fitness_toolsUITests.swift; sourceTree = "<group>"; };
		9F38AEDC2BE878B7006278F3 /* fitness_toolsUITestsLaunchTests.swift */ = {isa = PBXFileReference; lastKnownFileType = sourcecode.swift; path = fitness_toolsUITestsLaunchTests.swift; sourceTree = "<group>"; };
		9FEF04362C1A451500DC30FF /* BreathingExerciseView.swift */ = {isa = PBXFileReference; lastKnownFileType = sourcecode.swift; path = BreathingExerciseView.swift; sourceTree = "<group>"; };
/* End PBXFileReference section */

/* Begin PBXFrameworksBuildPhase section */
		9F38AEB92BE878B5006278F3 /* Frameworks */ = {
			isa = PBXFrameworksBuildPhase;
			buildActionMask = 2147483647;
			files = (
			);
			runOnlyForDeploymentPostprocessing = 0;
		};
		9F38AEC92BE878B7006278F3 /* Frameworks */ = {
			isa = PBXFrameworksBuildPhase;
			buildActionMask = 2147483647;
			files = (
			);
			runOnlyForDeploymentPostprocessing = 0;
		};
		9F38AED32BE878B7006278F3 /* Frameworks */ = {
			isa = PBXFrameworksBuildPhase;
			buildActionMask = 2147483647;
			files = (
			);
			runOnlyForDeploymentPostprocessing = 0;
		};
/* End PBXFrameworksBuildPhase section */

/* Begin PBXGroup section */
		9F38AEB32BE878B5006278F3 = {
			isa = PBXGroup;
			children = (
				9F38AEBE2BE878B5006278F3 /* fitness_tools */,
				9F38AECF2BE878B7006278F3 /* fitness_toolsTests */,
				9F38AED92BE878B7006278F3 /* fitness_toolsUITests */,
				9F38AEBD2BE878B5006278F3 /* Products */,
			);
			sourceTree = "<group>";
		};
		9F38AEBD2BE878B5006278F3 /* Products */ = {
			isa = PBXGroup;
			children = (
				9F38AEBC2BE878B5006278F3 /* fitness_tools.app */,
				9F38AECC2BE878B7006278F3 /* fitness_toolsTests.xctest */,
				9F38AED62BE878B7006278F3 /* fitness_toolsUITests.xctest */,
			);
			name = Products;
			sourceTree = "<group>";
		};
		9F38AEBE2BE878B5006278F3 /* fitness_tools */ = {
			isa = PBXGroup;
			children = (
				9F38AEBF2BE878B5006278F3 /* fitness_toolsApp.swift */,
				9FEF04362C1A451500DC30FF /* BreathingExerciseView.swift */,
				9F38AEC12BE878B5006278F3 /* BMIView.swift */,
				9F38AEC32BE878B7006278F3 /* Assets.xcassets */,
				9F38AEC52BE878B7006278F3 /* Preview Content */,
			);
			path = fitness_tools;
			sourceTree = "<group>";
		};
		9F38AEC52BE878B7006278F3 /* Preview Content */ = {
			isa = PBXGroup;
			children = (
				9F38AEC62BE878B7006278F3 /* Preview Assets.xcassets */,
			);
			path = "Preview Content";
			sourceTree = "<group>";
		};
		9F38AECF2BE878B7006278F3 /* fitness_toolsTests */ = {
			isa = PBXGroup;
			children = (
				9F38AED02BE878B7006278F3 /* fitness_toolsTests.swift */,
			);
			path = fitness_toolsTests;
			sourceTree = "<group>";
		};
		9F38AED92BE878B7006278F3 /* fitness_toolsUITests */ = {
			isa = PBXGroup;
			children = (
				9F38AEDA2BE878B7006278F3 /* fitness_toolsUITests.swift */,
				9F38AEDC2BE878B7006278F3 /* fitness_toolsUITestsLaunchTests.swift */,
			);
			path = fitness_toolsUITests;
			sourceTree = "<group>";
		};
/* End PBXGroup section */

/* Begin PBXNativeTarget section */
		9F38AEBB2BE878B5006278F3 /* fitness_tools */ = {
			isa = PBXNativeTarget;
			buildConfigurationList = 9F38AEE02BE878B7006278F3 /* Build configuration list for PBXNativeTarget "fitness_tools" */;
			buildPhases = (
				9F38AEB82BE878B5006278F3 /* Sources */,
				9F38AEB92BE878B5006278F3 /* Frameworks */,
				9F38AEBA2BE878B5006278F3 /* Resources */,
			);
			buildRules = (
			);
			dependencies = (
			);
			name = fitness_tools;
			productName = fitness_tools;
			productReference = 9F38AEBC2BE878B5006278F3 /* fitness_tools.app */;
			productType = "com.apple.product-type.application";
		};
		9F38AECB2BE878B7006278F3 /* fitness_toolsTests */ = {
			isa = PBXNativeTarget;
			buildConfigurationList = 9F38AEE32BE878B7006278F3 /* Build configuration list for PBXNativeTarget "fitness_toolsTests" */;
			buildPhases = (
				9F38AEC82BE878B7006278F3 /* Sources */,
				9F38AEC92BE878B7006278F3 /* Frameworks */,
				9F38AECA2BE878B7006278F3 /* Resources */,
			);
			buildRules = (
			);
			dependencies = (
				9F38AECE2BE878B7006278F3 /* PBXTargetDependency */,
			);
			name = fitness_toolsTests;
			productName = fitness_toolsTests;
			productReference = 9F38AECC2BE878B7006278F3 /* fitness_toolsTests.xctest */;
			productType = "com.apple.product-type.bundle.unit-test";
		};
		9F38AED52BE878B7006278F3 /* fitness_toolsUITests */ = {
			isa = PBXNativeTarget;
			buildConfigurationList = 9F38AEE62BE878B7006278F3 /* Build configuration list for PBXNativeTarget "fitness_toolsUITests" */;
			buildPhases = (
				9F38AED22BE878B7006278F3 /* Sources */,
				9F38AED32BE878B7006278F3 /* Frameworks */,
				9F38AED42BE878B7006278F3 /* Resources */,
			);
			buildRules = (
			);
			dependencies = (
				9F38AED82BE878B7006278F3 /* PBXTargetDependency */,
			);
			name = fitness_toolsUITests;
			productName = fitness_toolsUITests;
			productReference = 9F38AED62BE878B7006278F3 /* fitness_toolsUITests.xctest */;
			productType = "com.apple.product-type.bundle.ui-testing";
		};
/* End PBXNativeTarget section */

/* Begin PBXProject section */
		9F38AEB42BE878B5006278F3 /* Project object */ = {
			isa = PBXProject;
			attributes = {
				BuildIndependentTargetsInParallel = 1;
				LastSwiftUpdateCheck = 1530;
				LastUpgradeCheck = 1530;
				TargetAttributes = {
					9F38AEBB2BE878B5006278F3 = {
						CreatedOnToolsVersion = 15.3;
					};
					9F38AECB2BE878B7006278F3 = {
						CreatedOnToolsVersion = 15.3;
						TestTargetID = 9F38AEBB2BE878B5006278F3;
					};
					9F38AED52BE878B7006278F3 = {
						CreatedOnToolsVersion = 15.3;
						TestTargetID = 9F38AEBB2BE878B5006278F3;
					};
				};
			};
			buildConfigurationList = 9F38AEB72BE878B5006278F3 /* Build configuration list for PBXProject "fitness_tools" */;
			compatibilityVersion = "Xcode 14.0";
			developmentRegion = en;
			hasScannedForEncodings = 0;
			knownRegions = (
				en,
				Base,
			);
			mainGroup = 9F38AEB32BE878B5006278F3;
			productRefGroup = 9F38AEBD2BE878B5006278F3 /* Products */;
			projectDirPath = "";
			projectRoot = "";
			targets = (
				9F38AEBB2BE878B5006278F3 /* fitness_tools */,
				9F38AECB2BE878B7006278F3 /* fitness_toolsTests */,
				9F38AED52BE878B7006278F3 /* fitness_toolsUITests */,
			);
		};
/* End PBXProject section */

/* Begin PBXResourcesBuildPhase section */
		9F38AEBA2BE878B5006278F3 /* Resources */ = {
			isa = PBXResourcesBuildPhase;
			buildActionMask = 2147483647;
			files = (
				9F38AEC72BE878B7006278F3 /* Preview Assets.xcassets in Resources */,
				9F38AEC42BE878B7006278F3 /* Assets.xcassets in Resources */,
			);
			runOnlyForDeploymentPostprocessing = 0;
		};
		9F38AECA2BE878B7006278F3 /* Resources */ = {
			isa = PBXResourcesBuildPhase;
			buildActionMask = 2147483647;
			files = (
			);
			runOnlyForDeploymentPostprocessing = 0;
		};
		9F38AED42BE878B7006278F3 /* Resources */ = {
			isa = PBXResourcesBuildPhase;
			buildActionMask = 2147483647;
			files = (
			);
			runOnlyForDeploymentPostprocessing = 0;
		};
/* End PBXResourcesBuildPhase section */

/* Begin PBXSourcesBuildPhase section */
		9F38AEB82BE878B5006278F3 /* Sources */ = {
			isa = PBXSourcesBuildPhase;
			buildActionMask = 2147483647;
			files = (
				9F38AEC22BE878B5006278F3 /* BMIView.swift in Sources */,
				9F38AEC02BE878B5006278F3 /* fitness_toolsApp.swift in Sources */,
				9FEF04372C1A451500DC30FF /* BreathingExerciseView.swift in Sources */,
			);
			runOnlyForDeploymentPostprocessing = 0;
		};
		9F38AEC82BE878B7006278F3 /* Sources */ = {
			isa = PBXSourcesBuildPhase;
			buildActionMask = 2147483647;
			files = (
				9F38AED12BE878B7006278F3 /* fitness_toolsTests.swift in Sources */,
			);
			runOnlyForDeploymentPostprocessing = 0;
		};
		9F38AED22BE878B7006278F3 /* Sources */ = {
			isa = PBXSourcesBuildPhase;
			buildActionMask = 2147483647;
			files = (
				9F38AEDB2BE878B7006278F3 /* fitness_toolsUITests.swift in Sources */,
				9F38AEDD2BE878B7006278F3 /* fitness_toolsUITestsLaunchTests.swift in Sources */,
			);
			runOnlyForDeploymentPostprocessing = 0;
		};
/* End PBXSourcesBuildPhase section */

/* Begin PBXTargetDependency section */
		9F38AECE2BE878B7006278F3 /* PBXTargetDependency */ = {
			isa = PBXTargetDependency;
			target = 9F38AEBB2BE878B5006278F3 /* fitness_tools */;
			targetProxy = 9F38AECD2BE878B7006278F3 /* PBXContainerItemProxy */;
		};
		9F38AED82BE878B7006278F3 /* PBXTargetDependency */ = {
			isa = PBXTargetDependency;
			target = 9F38AEBB2BE878B5006278F3 /* fitness_tools */;
			targetProxy = 9F38AED72BE878B7006278F3 /* PBXContainerItemProxy */;
		};
/* End PBXTargetDependency section */

/* Begin XCBuildConfiguration section */
		9F38AEDE2BE878B7006278F3 /* Debug */ = {
			isa = XCBuildConfiguration;
			buildSettings = {
				ALWAYS_SEARCH_USER_PATHS = NO;
				ASSETCATALOG_COMPILER_GENERATE_SWIFT_ASSET_SYMBOL_EXTENSIONS = YES;
				CLANG_ANALYZER_NONNULL = YES;
				CLANG_ANALYZER_NUMBER_OBJECT_CONVERSION = YES_AGGRESSIVE;
				CLANG_CXX_LANGUAGE_STANDARD = "gnu++20";
				CLANG_ENABLE_MODULES = YES;
				CLANG_ENABLE_OBJC_ARC = YES;
				CLANG_ENABLE_OBJC_WEAK = YES;
				CLANG_WARN_BLOCK_CAPTURE_AUTORELEASING = YES;
				CLANG_WARN_BOOL_CONVERSION = YES;
				CLANG_WARN_COMMA = YES;
				CLANG_WARN_CONSTANT_CONVERSION = YES;
				CLANG_WARN_DEPRECATED_OBJC_IMPLEMENTATIONS = YES;
				CLANG_WARN_DIRECT_OBJC_ISA_USAGE = YES_ERROR;
				CLANG_WARN_DOCUMENTATION_COMMENTS = YES;
				CLANG_WARN_EMPTY_BODY = YES;
				CLANG_WARN_ENUM_CONVERSION = YES;
				CLANG_WARN_INFINITE_RECURSION = YES;
				CLANG_WARN_INT_CONVERSION = YES;
				CLANG_WARN_NON_LITERAL_NULL_CONVERSION = YES;
				CLANG_WARN_OBJC_IMPLICIT_RETAIN_SELF = YES;
				CLANG_WARN_OBJC_LITERAL_CONVERSION = YES;
				CLANG_WARN_OBJC_ROOT_CLASS = YES_ERROR;
				CLANG_WARN_QUOTED_INCLUDE_IN_FRAMEWORK_HEADER = YES;
				CLANG_WARN_RANGE_LOOP_ANALYSIS = YES;
				CLANG_WARN_STRICT_PROTOTYPES = YES;
				CLANG_WARN_SUSPICIOUS_MOVE = YES;
				CLANG_WARN_UNGUARDED_AVAILABILITY = YES_AGGRESSIVE;
				CLANG_WARN_UNREACHABLE_CODE = YES;
				CLANG_WARN__DUPLICATE_METHOD_MATCH = YES;
				COPY_PHASE_STRIP = NO;
				DEBUG_INFORMATION_FORMAT = dwarf;
				ENABLE_STRICT_OBJC_MSGSEND = YES;
				ENABLE_TESTABILITY = YES;
				ENABLE_USER_SCRIPT_SANDBOXING = YES;
				GCC_C_LANGUAGE_STANDARD = gnu17;
				GCC_DYNAMIC_NO_PIC = NO;
				GCC_NO_COMMON_BLOCKS = YES;
				GCC_OPTIMIZATION_LEVEL = 0;
				GCC_PREPROCESSOR_DEFINITIONS = (
					"DEBUG=1",
					"$(inherited)",
				);
				GCC_WARN_64_TO_32_BIT_CONVERSION = YES;
				GCC_WARN_ABOUT_RETURN_TYPE = YES_ERROR;
				GCC_WARN_UNDECLARED_SELECTOR = YES;
				GCC_WARN_UNINITIALIZED_AUTOS = YES_AGGRESSIVE;
				GCC_WARN_UNUSED_FUNCTION = YES;
				GCC_WARN_UNUSED_VARIABLE = YES;
				IPHONEOS_DEPLOYMENT_TARGET = 17.4;
				LOCALIZATION_PREFERS_STRING_CATALOGS = YES;
				MTL_ENABLE_DEBUG_INFO = INCLUDE_SOURCE;
				MTL_FAST_MATH = YES;
				ONLY_ACTIVE_ARCH = YES;
				SDKROOT = iphoneos;
				SWIFT_ACTIVE_COMPILATION_CONDITIONS = "DEBUG $(inherited)";
				SWIFT_OPTIMIZATION_LEVEL = "-Onone";
			};
			name = Debug;
		};
		9F38AEDF2BE878B7006278F3 /* Release */ = {
			isa = XCBuildConfiguration;
			buildSettings = {
				ALWAYS_SEARCH_USER_PATHS = NO;
				ASSETCATALOG_COMPILER_GENERATE_SWIFT_ASSET_SYMBOL_EXTENSIONS = YES;
				CLANG_ANALYZER_NONNULL = YES;
				CLANG_ANALYZER_NUMBER_OBJECT_CONVERSION = YES_AGGRESSIVE;
				CLANG_CXX_LANGUAGE_STANDARD = "gnu++20";
				CLANG_ENABLE_MODULES = YES;
				CLANG_ENABLE_OBJC_ARC = YES;
				CLANG_ENABLE_OBJC_WEAK = YES;
				CLANG_WARN_BLOCK_CAPTURE_AUTORELEASING = YES;
				CLANG_WARN_BOOL_CONVERSION = YES;
				CLANG_WARN_COMMA = YES;
				CLANG_WARN_CONSTANT_CONVERSION = YES;
				CLANG_WARN_DEPRECATED_OBJC_IMPLEMENTATIONS = YES;
				CLANG_WARN_DIRECT_OBJC_ISA_USAGE = YES_ERROR;
				CLANG_WARN_DOCUMENTATION_COMMENTS = YES;
				CLANG_WARN_EMPTY_BODY = YES;
				CLANG_WARN_ENUM_CONVERSION = YES;
				CLANG_WARN_INFINITE_RECURSION = YES;
				CLANG_WARN_INT_CONVERSION = YES;
				CLANG_WARN_NON_LITERAL_NULL_CONVERSION = YES;
				CLANG_WARN_OBJC_IMPLICIT_RETAIN_SELF = YES;
				CLANG_WARN_OBJC_LITERAL_CONVERSION = YES;
				CLANG_WARN_OBJC_ROOT_CLASS = YES_ERROR;
				CLANG_WARN_QUOTED_INCLUDE_IN_FRAMEWORK_HEADER = YES;
				CLANG_WARN_RANGE_LOOP_ANALYSIS = YES;
				CLANG_WARN_STRICT_PROTOTYPES = YES;
				CLANG_WARN_SUSPICIOUS_MOVE = YES;
				CLANG_WARN_UNGUARDED_AVAILABILITY = YES_AGGRESSIVE;
				CLANG_WARN_UNREACHABLE_CODE = YES;
				CLANG_WARN__DUPLICATE_METHOD_MATCH = YES;
				COPY_PHASE_STRIP = NO;
				DEBUG_INFORMATION_FORMAT = "dwarf-with-dsym";
				ENABLE_NS_ASSERTIONS = NO;
				ENABLE_STRICT_OBJC_MSGSEND = YES;
				ENABLE_USER_SCRIPT_SANDBOXING = YES;
				GCC_C_LANGUAGE_STANDARD = gnu17;
				GCC_NO_COMMON_BLOCKS = YES;
				GCC_WARN_64_TO_32_BIT_CONVERSION = YES;
				GCC_WARN_ABOUT_RETURN_TYPE = YES_ERROR;
				GCC_WARN_UNDECLARED_SELECTOR = YES;
				GCC_WARN_UNINITIALIZED_AUTOS = YES_AGGRESSIVE;
				GCC_WARN_UNUSED_FUNCTION = YES;
				GCC_WARN_UNUSED_VARIABLE = YES;
				IPHONEOS_DEPLOYMENT_TARGET = 17.4;
				LOCALIZATION_PREFERS_STRING_CATALOGS = YES;
				MTL_ENABLE_DEBUG_INFO = NO;
				MTL_FAST_MATH = YES;
				SDKROOT = iphoneos;
				SWIFT_COMPILATION_MODE = wholemodule;
				VALIDATE_PRODUCT = YES;
			};
			name = Release;
		};
		9F38AEE12BE878B7006278F3 /* Debug */ = {
			isa = XCBuildConfiguration;
			buildSettings = {
				ASSETCATALOG_COMPILER_APPICON_NAME = AppIcon;
				ASSETCATALOG_COMPILER_GLOBAL_ACCENT_COLOR_NAME = AccentColor;
				CODE_SIGN_STYLE = Automatic;
				CURRENT_PROJECT_VERSION = 1;
				DEVELOPMENT_ASSET_PATHS = "\"fitness_tools/Preview Content\"";
				DEVELOPMENT_TEAM = 8626HTPQ7T;
				ENABLE_PREVIEWS = YES;
				GENERATE_INFOPLIST_FILE = YES;
				INFOPLIST_KEY_UIApplicationSceneManifest_Generation = YES;
				INFOPLIST_KEY_UIApplicationSupportsIndirectInputEvents = YES;
				INFOPLIST_KEY_UILaunchScreen_Generation = YES;
				INFOPLIST_KEY_UISupportedInterfaceOrientations_iPad = "UIInterfaceOrientationPortrait UIInterfaceOrientationPortraitUpsideDown UIInterfaceOrientationLandscapeLeft UIInterfaceOrientationLandscapeRight";
				INFOPLIST_KEY_UISupportedInterfaceOrientations_iPhone = "UIInterfaceOrientationPortrait UIInterfaceOrientationLandscapeLeft UIInterfaceOrientationLandscapeRight";
				IPHONEOS_DEPLOYMENT_TARGET = 16.3;
				LD_RUNPATH_SEARCH_PATHS = (
					"$(inherited)",
					"@executable_path/Frameworks",
				);
				MARKETING_VERSION = 1.0;
				PRODUCT_BUNDLE_IDENTIFIER = "TonyGame.fitness-tools";
				PRODUCT_NAME = "$(TARGET_NAME)";
				SWIFT_EMIT_LOC_STRINGS = YES;
				SWIFT_VERSION = 5.0;
				TARGETED_DEVICE_FAMILY = "1,2";
			};
			name = Debug;
		};
		9F38AEE22BE878B7006278F3 /* Release */ = {
			isa = XCBuildConfiguration;
			buildSettings = {
				ASSETCATALOG_COMPILER_APPICON_NAME = AppIcon;
				ASSETCATALOG_COMPILER_GLOBAL_ACCENT_COLOR_NAME = AccentColor;
				CODE_SIGN_STYLE = Automatic;
				CURRENT_PROJECT_VERSION = 1;
				DEVELOPMENT_ASSET_PATHS = "\"fitness_tools/Preview Content\"";
				DEVELOPMENT_TEAM = 8626HTPQ7T;
				ENABLE_PREVIEWS = YES;
				GENERATE_INFOPLIST_FILE = YES;
				INFOPLIST_KEY_UIApplicationSceneManifest_Generation = YES;
				INFOPLIST_KEY_UIApplicationSupportsIndirectInputEvents = YES;
				INFOPLIST_KEY_UILaunchScreen_Generation = YES;
				INFOPLIST_KEY_UISupportedInterfaceOrientations_iPad = "UIInterfaceOrientationPortrait UIInterfaceOrientationPortraitUpsideDown UIInterfaceOrientationLandscapeLeft UIInterfaceOrientationLandscapeRight";
				INFOPLIST_KEY_UISupportedInterfaceOrientations_iPhone = "UIInterfaceOrientationPortrait UIInterfaceOrientationLandscapeLeft UIInterfaceOrientationLandscapeRight";
				IPHONEOS_DEPLOYMENT_TARGET = 16.3;
				LD_RUNPATH_SEARCH_PATHS = (
					"$(inherited)",
					"@executable_path/Frameworks",
				);
				MARKETING_VERSION = 1.0;
				PRODUCT_BUNDLE_IDENTIFIER = "TonyGame.fitness-tools";
				PRODUCT_NAME = "$(TARGET_NAME)";
				SWIFT_EMIT_LOC_STRINGS = YES;
				SWIFT_VERSION = 5.0;
				TARGETED_DEVICE_FAMILY = "1,2";
			};
			name = Release;
		};
		9F38AEE42BE878B7006278F3 /* Debug */ = {
			isa = XCBuildConfiguration;
			buildSettings = {
				ALWAYS_EMBED_SWIFT_STANDARD_LIBRARIES = YES;
				BUNDLE_LOADER = "$(TEST_HOST)";
				CODE_SIGN_STYLE = Automatic;
				CURRENT_PROJECT_VERSION = 1;
				DEVELOPMENT_TEAM = 8626HTPQ7T;
				GENERATE_INFOPLIST_FILE = YES;
				IPHONEOS_DEPLOYMENT_TARGET = 17.4;
				MARKETING_VERSION = 1.0;
				PRODUCT_BUNDLE_IDENTIFIER = "TonyGame.fitness-toolsTests";
				PRODUCT_NAME = "$(TARGET_NAME)";
				SWIFT_EMIT_LOC_STRINGS = NO;
				SWIFT_VERSION = 5.0;
				TARGETED_DEVICE_FAMILY = "1,2";
				TEST_HOST = "$(BUILT_PRODUCTS_DIR)/fitness_tools.app/$(BUNDLE_EXECUTABLE_FOLDER_PATH)/fitness_tools";
			};
			name = Debug;
		};
		9F38AEE52BE878B7006278F3 /* Release */ = {
			isa = XCBuildConfiguration;
			buildSettings = {
				ALWAYS_EMBED_SWIFT_STANDARD_LIBRARIES = YES;
				BUNDLE_LOADER = "$(TEST_HOST)";
				CODE_SIGN_STYLE = Automatic;
				CURRENT_PROJECT_VERSION = 1;
				DEVELOPMENT_TEAM = 8626HTPQ7T;
				GENERATE_INFOPLIST_FILE = YES;
				IPHONEOS_DEPLOYMENT_TARGET = 17.4;
				MARKETING_VERSION = 1.0;
				PRODUCT_BUNDLE_IDENTIFIER = "TonyGame.fitness-toolsTests";
				PRODUCT_NAME = "$(TARGET_NAME)";
				SWIFT_EMIT_LOC_STRINGS = NO;
				SWIFT_VERSION = 5.0;
				TARGETED_DEVICE_FAMILY = "1,2";
				TEST_HOST = "$(BUILT_PRODUCTS_DIR)/fitness_tools.app/$(BUNDLE_EXECUTABLE_FOLDER_PATH)/fitness_tools";
			};
			name = Release;
		};
		9F38AEE72BE878B7006278F3 /* Debug */ = {
			isa = XCBuildConfiguration;
			buildSettings = {
				ALWAYS_EMBED_SWIFT_STANDARD_LIBRARIES = YES;
				CODE_SIGN_STYLE = Automatic;
				CURRENT_PROJECT_VERSION = 1;
				DEVELOPMENT_TEAM = 8626HTPQ7T;
				GENERATE_INFOPLIST_FILE = YES;
				MARKETING_VERSION = 1.0;
				PRODUCT_BUNDLE_IDENTIFIER = "TonyGame.fitness-toolsUITests";
				PRODUCT_NAME = "$(TARGET_NAME)";
				SWIFT_EMIT_LOC_STRINGS = NO;
				SWIFT_VERSION = 5.0;
				TARGETED_DEVICE_FAMILY = "1,2";
				TEST_TARGET_NAME = fitness_tools;
			};
			name = Debug;
		};
		9F38AEE82BE878B7006278F3 /* Release */ = {
			isa = XCBuildConfiguration;
			buildSettings = {
				ALWAYS_EMBED_SWIFT_STANDARD_LIBRARIES = YES;
				CODE_SIGN_STYLE = Automatic;
				CURRENT_PROJECT_VERSION = 1;
				DEVELOPMENT_TEAM = 8626HTPQ7T;
				GENERATE_INFOPLIST_FILE = YES;
				MARKETING_VERSION = 1.0;
				PRODUCT_BUNDLE_IDENTIFIER = "TonyGame.fitness-toolsUITests";
				PRODUCT_NAME = "$(TARGET_NAME)";
				SWIFT_EMIT_LOC_STRINGS = NO;
				SWIFT_VERSION = 5.0;
				TARGETED_DEVICE_FAMILY = "1,2";
				TEST_TARGET_NAME = fitness_tools;
			};
			name = Release;
		};
/* End XCBuildConfiguration section */

/* Begin XCConfigurationList section */
		9F38AEB72BE878B5006278F3 /* Build configuration list for PBXProject "fitness_tools" */ = {
			isa = XCConfigurationList;
			buildConfigurations = (
				9F38AEDE2BE878B7006278F3 /* Debug */,
				9F38AEDF2BE878B7006278F3 /* Release */,
			);
			defaultConfigurationIsVisible = 0;
			defaultConfigurationName = Release;
		};
		9F38AEE02BE878B7006278F3 /* Build configuration list for PBXNativeTarget "fitness_tools" */ = {
			isa = XCConfigurationList;
			buildConfigurations = (
				9F38AEE12BE878B7006278F3 /* Debug */,
				9F38AEE22BE878B7006278F3 /* Release */,
			);
			defaultConfigurationIsVisible = 0;
			defaultConfigurationName = Release;
		};
		9F38AEE32BE878B7006278F3 /* Build configuration list for PBXNativeTarget "fitness_toolsTests" */ = {
			isa = XCConfigurationList;
			buildConfigurations = (
				9F38AEE42BE878B7006278F3 /* Debug */,
				9F38AEE52BE878B7006278F3 /* Release */,
			);
			defaultConfigurationIsVisible = 0;
			defaultConfigurationName = Release;
		};
		9F38AEE62BE878B7006278F3 /* Build configuration list for PBXNativeTarget "fitness_toolsUITests" */ = {
			isa = XCConfigurationList;
			buildConfigurations = (
				9F38AEE72BE878B7006278F3 /* Debug */,
				9F38AEE82BE878B7006278F3 /* Release */,
			);
			defaultConfigurationIsVisible = 0;
			defaultConfigurationName = Release;
		};
/* End XCConfigurationList section */
	};
	rootObject = 9F38AEB42BE878B5006278F3 /* Project object */;
}
